<?xml version="1.0" encoding="utf-8"?>
<Project ToolsVersion="4.0" xmlns="http://schemas.microsoft.com/developer/msbuild/2003">
  <ItemGroup>
    <Filter Include="Common">
      <UniqueIdentifier>ed2c0e02-3660-48d2-844b-bc19cccb1e90</UniqueIdentifier>
    </Filter>
    <Filter Include="Assets">
      <UniqueIdentifier>6aaebfe8-de3f-46eb-8ddd-3c3abbc50abb</UniqueIdentifier>
      <Extensions>bmp;fbx;gif;jpg;jpeg;tga;tiff;tif;png</Extensions>
    </Filter>
    <Filter Include="DataModel">
      <UniqueIdentifier>ee0f1cad-5a01-4fe6-a42c-732ca891e25c</UniqueIdentifier>
    </Filter>
    <Filter Include="Strings">
      <UniqueIdentifier>538cd673-56a8-4448-a3f0-de3bb7c322eb</UniqueIdentifier>
    </Filter>
    <Filter Include="Strings\en-US">
      <UniqueIdentifier>8e92df8c-2027-4265-bfc0-a50a5c473672</UniqueIdentifier>
    </Filter>
    <None Include="Common\ReadMe.txt">
      <Filter>Common</Filter>
    </None>
    <ClCompile Include="Common\NavigationHelper.cpp">
      <Filter>Common</Filter>
    </ClCompile>
    <ClCompile Include="Common\RelayCommand.cpp">
      <Filter>Common</Filter>
    </ClCompile>
    <ClCompile Include="Common\SuspensionManager.cpp">
      <Filter>Common</Filter>
    </ClCompile>
    <ClInclude Include="Common\NavigationHelper.h">
      <Filter>Common</Filter>
    </ClInclude>
    <ClInclude Include="Common\RelayCommand.h">
      <Filter>Common</Filter>
    </ClInclude>
    <ClInclude Include="Common\SuspensionManager.h">
      <Filter>Common</Filter>
    </ClInclude>
    <Image Include="Assets\Logo.scale-100.png">
      <Filter>Assets</Filter>
    </Image>
    <Image Include="Assets\SmallLogo.scale-100.png">
      <Filter>Assets</Filter>
    </Image>
    <Image Include="Assets\StoreLogo.scale-100.png">
      <Filter>Assets</Filter>
    </Image>
    <Image Include="Assets\SplashScreen.scale-100.png">
      <Filter>Assets</Filter>
    </Image>
    <Image Include="Assets\LightGray.png">
      <Filter>Assets</Filter>
    </Image>
    <Image Include="Assets\MediumGray.png">
      <Filter>Assets</Filter>
    </Image>
    <Image Include="Assets\DarkGray.png">
      <Filter>Assets</Filter>
    </Image>
    <ClCompile Include="DataModel\SampleDataSource.cpp">
      <Filter>DataModel</Filter>
    </ClCompile>
    <ClInclude Include="DataModel\SampleDataSource.h">
      <Filter>DataModel</Filter>
    </ClInclude>
    <Text Include="DataModel\SampleData.json">
      <Filter>DataModel</Filter>
    </Text>
  </ItemGroup>
  <ItemGroup>
    <PRIResource Include="Strings\en-US\Resources.resw">
      <Filter>Strings\en-US</Filter>
    </PRIResource>
  </ItemGroup>
  <ItemGroup>
    <ApplicationDefinition Include="App.xaml" />
  </ItemGroup>
  <ItemGroup>
    <ClCompile Include="App.xaml.cpp" />
    <ClCompile Include="HubPage.xaml.cpp" />
    <ClCompile Include="SectionPage.xaml.cpp" />
    <ClCompile Include="ItemPage.xaml.cpp" />
    <ClCompile Include="pch.cpp" />
    <ClCompile Include="..\App1\SampleConfiguracion.cpp" />
  </ItemGroup>
  <ItemGroup>
    <ClInclude Include="pch.h" />
    <ClInclude Include="App.xaml.h" />
    <ClInclude Include="HubPage.xaml.h" />
    <ClInclude Include="SectionPage.xaml.h" />
    <ClInclude Include="ItemPage.xaml.h" />
    <ClInclude Include="..\App1\SampleConfiguration.h" />
  </ItemGroup>
  <ItemGroup>
    <AppxManifest Include="Package.appxmanifest" />
  </ItemGroup>
  <ItemGroup>
    <None Include="Csited_TemporaryKey.pfx" />
  </ItemGroup>
  <ItemGroup>
    <Page Include="..\App1\Styles.xaml" />
    <Page Include="MainPage.xaml" />
    <Page Include="Profile.xaml" />
  </ItemGroup>
  <ItemGroup>
    <Image Include="..\..\..\..\..\Downloads\csited.jpg">
      <Filter>Assets</Filter>
    </Image>
  </ItemGroup>
</Project>